
Microsoft Visual Studio Solution File, Format Version 12.00
# Visual Studio 15
VisualStudioVersion = 15.0.26730.16
MinimumVisualStudioVersion = 10.0.40219.1
Project("{FAE04EC0-301F-11D3-BF4B-00C04F79EFBC}") = "DVDLibraryService", "DVDLibraryService\DVDLibraryService.csproj", "{99978530-12EC-409A-A4A5-A19A0D3F57B1}"
EndProject
Project("{FAE04EC0-301F-11D3-BF4B-00C04F79EFBC}") = "UnitTest", "UnitTest\UnitTest.csproj", "{0388A0F6-C329-49DE-8907-8A1447604E4E}"
EndProject
Project("{FAE04EC0-301F-11D3-BF4B-00C04F79EFBC}") = "DVDLibrary.Data", "DVDLibrary.Data\DVDLibrary.Data.csproj", "{B4BC5D37-CD70-4CE7-9E54-F0061E4F6895}"
EndProject
Global
	GlobalSection(SolutionConfigurationPlatforms) = preSolution
		Debug|Any CPU = Debug|Any CPU
		Release|Any CPU = Release|Any CPU
	EndGlobalSection
	GlobalSection(ProjectConfigurationPlatforms) = postSolution
		{99978530-12EC-409A-A4A5-A19A0D3F57B1}.Debug|Any CPU.ActiveCfg = Debug|Any CPU
		{99978530-12EC-409A-A4A5-A19A0D3F57B1}.Debug|Any CPU.Build.0 = Debug|Any CPU
		{99978530-12EC-409A-A4A5-A19A0D3F57B1}.Release|Any CPU.ActiveCfg = Release|Any CPU
		{99978530-12EC-409A-A4A5-A19A0D3F57B1}.Release|Any CPU.Build.0 = Release|Any CPU
		{0388A0F6-C329-49DE-8907-8A1447604E4E}.Debug|Any CPU.ActiveCfg = Debug|Any CPU
		{0388A0F6-C329-49DE-8907-8A1447604E4E}.Debug|Any CPU.Build.0 = Debug|Any CPU
		{0388A0F6-C329-49DE-8907-8A1447604E4E}.Release|Any CPU.ActiveCfg = Release|Any CPU
		{0388A0F6-C329-49DE-8907-8A1447604E4E}.Release|Any CPU.Build.0 = Release|Any CPU
		{B4BC5D37-CD70-4CE7-9E54-F0061E4F6895}.Debug|Any CPU.ActiveCfg = Debug|Any CPU
		{B4BC5D37-CD70-4CE7-9E54-F0061E4F6895}.Debug|Any CPU.Build.0 = Debug|Any CPU
		{B4BC5D37-CD70-4CE7-9E54-F0061E4F6895}.Release|Any CPU.ActiveCfg = Release|Any CPU
		{B4BC5D37-CD70-4CE7-9E54-F0061E4F6895}.Release|Any CPU.Build.0 = Release|Any CPU
	EndGlobalSection
	GlobalSection(SolutionProperties) = preSolution
		HideSolutionNode = FALSE
	EndGlobalSection
	GlobalSection(ExtensibilityGlobals) = postSolution
		SolutionGuid = {9D45256A-4A4B-4093-ABF9-70802AAE6BA9}
	EndGlobalSection
EndGlobal
