
Microsoft Visual Studio Solution File, Format Version 12.00
# Visual Studio 15
VisualStudioVersion = 15.0.26730.16
MinimumVisualStudioVersion = 10.0.40219.1
Project("{FAE04EC0-301F-11D3-BF4B-00C04F79EFBC}") = "ArmyPlanner", "ArmyPlanner\ArmyPlanner.csproj", "{54B54DE6-8227-4A54-8A48-ED8314A75B49}"
EndProject
Project("{FAE04EC0-301F-11D3-BF4B-00C04F79EFBC}") = "ArmyPlannerData", "ArmyPlannerData\ArmyPlannerData.csproj", "{C2CE1541-1899-4F33-9485-4CB12B120FA9}"
EndProject
Global
	GlobalSection(SolutionConfigurationPlatforms) = preSolution
		Debug|Any CPU = Debug|Any CPU
		Release|Any CPU = Release|Any CPU
	EndGlobalSection
	GlobalSection(ProjectConfigurationPlatforms) = postSolution
		{54B54DE6-8227-4A54-8A48-ED8314A75B49}.Debug|Any CPU.ActiveCfg = Debug|Any CPU
		{54B54DE6-8227-4A54-8A48-ED8314A75B49}.Debug|Any CPU.Build.0 = Debug|Any CPU
		{54B54DE6-8227-4A54-8A48-ED8314A75B49}.Release|Any CPU.ActiveCfg = Release|Any CPU
		{54B54DE6-8227-4A54-8A48-ED8314A75B49}.Release|Any CPU.Build.0 = Release|Any CPU
		{C2CE1541-1899-4F33-9485-4CB12B120FA9}.Debug|Any CPU.ActiveCfg = Debug|Any CPU
		{C2CE1541-1899-4F33-9485-4CB12B120FA9}.Debug|Any CPU.Build.0 = Debug|Any CPU
		{C2CE1541-1899-4F33-9485-4CB12B120FA9}.Release|Any CPU.ActiveCfg = Release|Any CPU
		{C2CE1541-1899-4F33-9485-4CB12B120FA9}.Release|Any CPU.Build.0 = Release|Any CPU
	EndGlobalSection
	GlobalSection(SolutionProperties) = preSolution
		HideSolutionNode = FALSE
	EndGlobalSection
	GlobalSection(ExtensibilityGlobals) = postSolution
		SolutionGuid = {D0FF81A8-213F-4125-A4CD-E0985A936FFF}
	EndGlobalSection
EndGlobal
